
Microsoft Visual Studio Solution File, Format Version 12.00
# Visual Studio Version 17
VisualStudioVersion = 17.11.35222.181
MinimumVisualStudioVersion = 10.0.40219.1
Project("{FAE04EC0-301F-11D3-BF4B-00C04F79EFBC}") = "Week14OOP", "Week14OOP\Week14OOP.csproj", "{B77AFC8B-4939-44FF-B53B-32E29C3FC9C3}"
EndProject
Global
	GlobalSection(SolutionConfigurationPlatforms) = preSolution
		Debug|Any CPU = Debug|Any CPU
		Release|Any CPU = Release|Any CPU
	EndGlobalSection
	GlobalSection(ProjectConfigurationPlatforms) = postSolution
		{B77AFC8B-4939-44FF-B53B-32E29C3FC9C3}.Debug|Any CPU.ActiveCfg = Debug|Any CPU
		{B77AFC8B-4939-44FF-B53B-32E29C3FC9C3}.Debug|Any CPU.Build.0 = Debug|Any CPU
		{B77AFC8B-4939-44FF-B53B-32E29C3FC9C3}.Release|Any CPU.ActiveCfg = Release|Any CPU
		{B77AFC8B-4939-44FF-B53B-32E29C3FC9C3}.Release|Any CPU.Build.0 = Release|Any CPU
	EndGlobalSection
	GlobalSection(SolutionProperties) = preSolution
		HideSolutionNode = FALSE
	EndGlobalSection
	GlobalSection(ExtensibilityGlobals) = postSolution
		SolutionGuid = {4E43B3B0-0F00-4DE7-8A9E-6C4BAECD70B2}
	EndGlobalSection
EndGlobal
